
Microsoft Visual Studio Solution File, Format Version 12.00
# Visual Studio 2013
VisualStudioVersion = 12.0.30723.0
MinimumVisualStudioVersion = 10.0.40219.1
Project("{FAE04EC0-301F-11D3-BF4B-00C04F79EFBC}") = "FtpFileTransfer", "FtpFileTransfer.csproj", "{43433ED1-BE71-4A4D-AB21-1BF6B2F76A02}"
EndProject
Project("{FAE04EC0-301F-11D3-BF4B-00C04F79EFBC}") = "FtpFileTransfer.Tests", "..\FtpFileTransfer.Tests\FtpFileTransfer.Tests.csproj", "{ED398F18-356C-48A4-808A-17B8BA49AC4A}"
EndProject
Global
	GlobalSection(SolutionConfigurationPlatforms) = preSolution
		Debug|Any CPU = Debug|Any CPU
		Release|Any CPU = Release|Any CPU
	EndGlobalSection
	GlobalSection(ProjectConfigurationPlatforms) = postSolution
		{43433ED1-BE71-4A4D-AB21-1BF6B2F76A02}.Debug|Any CPU.ActiveCfg = Debug|Any CPU
		{43433ED1-BE71-4A4D-AB21-1BF6B2F76A02}.Debug|Any CPU.Build.0 = Debug|Any CPU
		{43433ED1-BE71-4A4D-AB21-1BF6B2F76A02}.Release|Any CPU.ActiveCfg = Release|Any CPU
		{43433ED1-BE71-4A4D-AB21-1BF6B2F76A02}.Release|Any CPU.Build.0 = Release|Any CPU
		{ED398F18-356C-48A4-808A-17B8BA49AC4A}.Debug|Any CPU.ActiveCfg = Debug|Any CPU
		{ED398F18-356C-48A4-808A-17B8BA49AC4A}.Debug|Any CPU.Build.0 = Debug|Any CPU
		{ED398F18-356C-48A4-808A-17B8BA49AC4A}.Release|Any CPU.ActiveCfg = Release|Any CPU
		{ED398F18-356C-48A4-808A-17B8BA49AC4A}.Release|Any CPU.Build.0 = Release|Any CPU
	EndGlobalSection
	GlobalSection(SolutionProperties) = preSolution
		HideSolutionNode = FALSE
	EndGlobalSection
EndGlobal
